{
  "version": 4,
  "terraform_version": "1.6.3",
  "serial": 12,
  "lineage": "8776c92e-bd15-c175-7e8d-334fa0380748",
  "outputs": {},
  "resources": [
    {
      "mode": "managed",
      "type": "azurerm_linux_virtual_machine",
      "name": "test_vm",
      "provider": "provider[\"registry.terraform.io/hashicorp/azurerm\"]",
      "instances": [
        {
          "schema_version": 0,
          "attributes": {
            "additional_capabilities": [],
            "admin_password": "RF2C0hG37c2k7Y",
            "admin_ssh_key": [],
            "admin_username": "devopsuser",
            "allow_extension_operations": true,
            "availability_set_id": "",
            "boot_diagnostics": [],
            "bypass_platform_safety_checks_on_user_schedule_enabled": false,
            "capacity_reservation_group_id": "",
            "computer_name": "app-test-vm",
            "custom_data": "IyEgL2Jpbi9iYXNoCgpzZXQgLW8gZXJyZXhpdApzZXQgLW8gbm91bnNldAoKIyBVcGRhdGUgdGhlIHBhY2thZ2UgbGlzdCBhbmQgdXBncmFkZSBleGlzdGluZyBwYWNrYWdlcwpzdWRvIGFwdC1nZXQgdXBkYXRlCnN1ZG8gYXB0LWdldCB1cGdyYWRlIC15CgojIEluc3RhbGwgRG9ja2VyIChpZiBub3QgYWxyZWFkeSBpbnN0YWxsZWQpCmlmICEgY29tbWFuZCAtdiBkb2NrZXIgJj4gL2Rldi9udWxsOyB0aGVuCiAgY3VybCAtZnNTTCBodHRwczovL2dldC5kb2NrZXIuY29tIC1vIGdldC1kb2NrZXIuc2gKICBzdWRvIHNoIGdldC1kb2NrZXIuc2gKICBzdWRvIHVzZXJtb2QgLWFHIGRvY2tlciBhenVyZXVzZXIKICBzdWRvIHJtIGdldC1kb2NrZXIuc2gKZmkKCiMgSW5zdGFsbCBEb2NrZXIgQ29tcG9zZSAoaWYgbm90IGFscmVhZHkgaW5zdGFsbGVkKQppZiAhIGNvbW1hbmQgLXYgZG9ja2VyLWNvbXBvc2UgJj4gL2Rldi9udWxsOyB0aGVuCiAgc3VkbyBjdXJsIC1MICJodHRwczovL2dpdGh1Yi5jb20vZG9ja2VyL2NvbXBvc2UvcmVsZWFzZXMvZG93bmxvYWQvMS4yOS4yL2RvY2tlci1jb21wb3NlLSQodW5hbWUgLXMpLSQodW5hbWUgLW0pIiAtbyAvdXNyL2xvY2FsL2Jpbi9kb2NrZXItY29tcG9zZQogIHN1ZG8gY2htb2QgK3ggL3Vzci9sb2NhbC9iaW4vZG9ja2VyLWNvbXBvc2UKZmkKCiMgQ3JlYXRlIGEgZGlyZWN0b3J5IGZvciB5b3VyIGFwcGxpY2F0aW9uCm1rZGlyIC1wIH4vbXlhcHAKY2Qgfi9teWFwcAoKIyBDbG9uZSB5b3VyIGFwcGxpY2F0aW9uJ3MgcmVwb3NpdG9yeSBmcm9tIEdpdEh1YiAocmVwbGFjZSB3aXRoIHlvdXIgcmVwbyBVUkwpCmdpdCBjbG9uZSAiaHR0cHM6Ly9naXRodWIuY29tL2xpZmVvZnByYXRpay90ZWNodmVyaXRvLmdpdCIKCiMgQnVpbGQgYW5kIHJ1biB5b3VyIGFwcGxpY2F0aW9uIHVzaW5nIERvY2tlciBDb21wb3NlCmNkIHRlY2h2ZXJpdG8KZG9ja2VyLWNvbXBvc2UgdXAgLWQKCkVPRgo=",
            "dedicated_host_group_id": "",
            "dedicated_host_id": "",
            "disable_password_authentication": false,
            "edge_zone": "",
            "encryption_at_host_enabled": false,
            "eviction_policy": "",
            "extensions_time_budget": "PT1H30M",
            "gallery_application": [],
            "id": "/subscriptions/46d88689-2150-4100-aa13-d503ed0078fd/resourceGroups/app-test-rg/providers/Microsoft.Compute/virtualMachines/app-test-vm",
            "identity": [],
            "license_type": "",
            "location": "centralindia",
            "max_bid_price": -1,
            "name": "app-test-vm",
            "network_interface_ids": [
              "/subscriptions/46d88689-2150-4100-aa13-d503ed0078fd/resourceGroups/app-test-rg/providers/Microsoft.Network/networkInterfaces/app-test-nic"
            ],
            "os_disk": [
              {
                "caching": "ReadWrite",
                "diff_disk_settings": [],
                "disk_encryption_set_id": "",
                "disk_size_gb": 30,
                "name": "app-test-vm_OsDisk_1_1675c1966fe444ce8132f1c6277bd290",
                "secure_vm_disk_encryption_set_id": "",
                "security_encryption_type": "",
                "storage_account_type": "Standard_LRS",
                "write_accelerator_enabled": false
              }
            ],
            "patch_assessment_mode": "ImageDefault",
            "patch_mode": "ImageDefault",
            "plan": [],
            "platform_fault_domain": -1,
            "priority": "Regular",
            "private_ip_address": "10.0.2.4",
            "private_ip_addresses": [
              "10.0.2.4"
            ],
            "provision_vm_agent": true,
            "proximity_placement_group_id": "",
            "public_ip_address": "20.204.137.35",
            "public_ip_addresses": [
              "20.204.137.35"
            ],
            "reboot_setting": "",
            "resource_group_name": "app-test-rg",
            "secret": [],
            "secure_boot_enabled": false,
            "size": "Standard_B2s",
            "source_image_id": "",
            "source_image_reference": [
              {
                "offer": "0001-com-ubuntu-server-focal",
                "publisher": "Canonical",
                "sku": "20_04-lts-gen2",
                "version": "latest"
              }
            ],
            "tags": null,
            "termination_notification": null,
            "timeouts": null,
            "user_data": "",
            "virtual_machine_id": "c3dbef42-d2fa-4b85-aeb3-adbd0f10871c",
            "virtual_machine_scale_set_id": "",
            "vtpm_enabled": false,
            "zone": ""
          },
          "sensitive_attributes": [
            [
              {
                "type": "get_attr",
                "value": "admin_password"
              }
            ]
          ],
          "private": "eyJlMmJmYjczMC1lY2FhLTExZTYtOGY4OC0zNDM2M2JjN2M0YzAiOnsiY3JlYXRlIjoyNzAwMDAwMDAwMDAwLCJkZWxldGUiOjI3MDAwMDAwMDAwMDAsInJlYWQiOjMwMDAwMDAwMDAwMCwidXBkYXRlIjoyNzAwMDAwMDAwMDAwfX0=",
          "dependencies": [
            "azurerm_network_interface.test_nic",
            "azurerm_public_ip.test_pip",
            "azurerm_resource_group.test_rg",
            "azurerm_subnet.test_subnet",
            "azurerm_virtual_network.test_vnet",
            "random_password.password"
          ]
        }
      ]
    },
    {
      "mode": "managed",
      "type": "azurerm_network_interface",
      "name": "test_nic",
      "provider": "provider[\"registry.terraform.io/hashicorp/azurerm\"]",
      "instances": [
        {
          "schema_version": 0,
          "attributes": {
            "applied_dns_servers": [],
            "auxiliary_mode": "",
            "auxiliary_sku": "",
            "dns_servers": [],
            "edge_zone": "",
            "enable_accelerated_networking": false,
            "enable_ip_forwarding": false,
            "id": "/subscriptions/46d88689-2150-4100-aa13-d503ed0078fd/resourceGroups/app-test-rg/providers/Microsoft.Network/networkInterfaces/app-test-nic",
            "internal_dns_name_label": "",
            "internal_domain_name_suffix": "kvot5lz2iisu5dulnx4rzhtcfd.rx.internal.cloudapp.net",
            "ip_configuration": [
              {
                "gateway_load_balancer_frontend_ip_configuration_id": "",
                "name": "internal",
                "primary": true,
                "private_ip_address": "10.0.2.4",
                "private_ip_address_allocation": "Dynamic",
                "private_ip_address_version": "IPv4",
                "public_ip_address_id": "/subscriptions/46d88689-2150-4100-aa13-d503ed0078fd/resourceGroups/app-test-rg/providers/Microsoft.Network/publicIPAddresses/app-test-pip",
                "subnet_id": "/subscriptions/46d88689-2150-4100-aa13-d503ed0078fd/resourceGroups/app-test-rg/providers/Microsoft.Network/virtualNetworks/app-test-vnet/subnets/app-test-subnet"
              }
            ],
            "location": "centralindia",
            "mac_address": "",
            "name": "app-test-nic",
            "private_ip_address": "10.0.2.4",
            "private_ip_addresses": [
              "10.0.2.4"
            ],
            "resource_group_name": "app-test-rg",
            "tags": {},
            "timeouts": null,
            "virtual_machine_id": ""
          },
          "sensitive_attributes": [],
          "private": "eyJlMmJmYjczMC1lY2FhLTExZTYtOGY4OC0zNDM2M2JjN2M0YzAiOnsiY3JlYXRlIjoxODAwMDAwMDAwMDAwLCJkZWxldGUiOjE4MDAwMDAwMDAwMDAsInJlYWQiOjMwMDAwMDAwMDAwMCwidXBkYXRlIjoxODAwMDAwMDAwMDAwfX0=",
          "dependencies": [
            "azurerm_public_ip.test_pip",
            "azurerm_resource_group.test_rg",
            "azurerm_subnet.test_subnet",
            "azurerm_virtual_network.test_vnet"
          ]
        }
      ]
    },
    {
      "mode": "managed",
      "type": "azurerm_network_interface_security_group_association",
      "name": "app_test",
      "provider": "provider[\"registry.terraform.io/hashicorp/azurerm\"]",
      "instances": [
        {
          "schema_version": 0,
          "attributes": {
            "id": "/subscriptions/46d88689-2150-4100-aa13-d503ed0078fd/resourceGroups/app-test-rg/providers/Microsoft.Network/networkInterfaces/app-test-nic|/subscriptions/46d88689-2150-4100-aa13-d503ed0078fd/resourceGroups/app-test-rg/providers/Microsoft.Network/networkSecurityGroups/app-test-nsg",
            "network_interface_id": "/subscriptions/46d88689-2150-4100-aa13-d503ed0078fd/resourceGroups/app-test-rg/providers/Microsoft.Network/networkInterfaces/app-test-nic",
            "network_security_group_id": "/subscriptions/46d88689-2150-4100-aa13-d503ed0078fd/resourceGroups/app-test-rg/providers/Microsoft.Network/networkSecurityGroups/app-test-nsg",
            "timeouts": null
          },
          "sensitive_attributes": [],
          "private": "eyJlMmJmYjczMC1lY2FhLTExZTYtOGY4OC0zNDM2M2JjN2M0YzAiOnsiY3JlYXRlIjoxODAwMDAwMDAwMDAwLCJkZWxldGUiOjE4MDAwMDAwMDAwMDAsInJlYWQiOjMwMDAwMDAwMDAwMCwidXBkYXRlIjoxODAwMDAwMDAwMDAwfX0=",
          "dependencies": [
            "azurerm_network_interface.test_nic",
            "azurerm_network_security_group.test_nsg",
            "azurerm_public_ip.test_pip",
            "azurerm_resource_group.test_rg",
            "azurerm_subnet.test_subnet",
            "azurerm_virtual_network.test_vnet"
          ]
        }
      ]
    },
    {
      "mode": "managed",
      "type": "azurerm_network_security_group",
      "name": "test_nsg",
      "provider": "provider[\"registry.terraform.io/hashicorp/azurerm\"]",
      "instances": [
        {
          "schema_version": 0,
          "attributes": {
            "id": "/subscriptions/46d88689-2150-4100-aa13-d503ed0078fd/resourceGroups/app-test-rg/providers/Microsoft.Network/networkSecurityGroups/app-test-nsg",
            "location": "centralindia",
            "name": "app-test-nsg",
            "resource_group_name": "app-test-rg",
            "security_rule": [
              {
                "access": "Allow",
                "description": "",
                "destination_address_prefix": "*",
                "destination_address_prefixes": [],
                "destination_application_security_group_ids": [],
                "destination_port_range": "22",
                "destination_port_ranges": [],
                "direction": "Inbound",
                "name": "allow-ssh",
                "priority": 105,
                "protocol": "Tcp",
                "source_address_prefix": "*",
                "source_address_prefixes": [],
                "source_application_security_group_ids": [],
                "source_port_range": "*",
                "source_port_ranges": []
              }
            ],
            "tags": {
              "environment": "Production"
            },
            "timeouts": null
          },
          "sensitive_attributes": [],
          "private": "eyJlMmJmYjczMC1lY2FhLTExZTYtOGY4OC0zNDM2M2JjN2M0YzAiOnsiY3JlYXRlIjoxODAwMDAwMDAwMDAwLCJkZWxldGUiOjE4MDAwMDAwMDAwMDAsInJlYWQiOjMwMDAwMDAwMDAwMCwidXBkYXRlIjoxODAwMDAwMDAwMDAwfX0=",
          "dependencies": [
            "azurerm_resource_group.test_rg"
          ]
        }
      ]
    },
    {
      "mode": "managed",
      "type": "azurerm_public_ip",
      "name": "test_pip",
      "provider": "provider[\"registry.terraform.io/hashicorp/azurerm\"]",
      "instances": [
        {
          "schema_version": 0,
          "attributes": {
            "allocation_method": "Dynamic",
            "ddos_protection_mode": "VirtualNetworkInherited",
            "ddos_protection_plan_id": null,
            "domain_name_label": null,
            "edge_zone": "",
            "fqdn": null,
            "id": "/subscriptions/46d88689-2150-4100-aa13-d503ed0078fd/resourceGroups/app-test-rg/providers/Microsoft.Network/publicIPAddresses/app-test-pip",
            "idle_timeout_in_minutes": 4,
            "ip_address": "",
            "ip_tags": {},
            "ip_version": "IPv4",
            "location": "centralindia",
            "name": "app-test-pip",
            "public_ip_prefix_id": null,
            "resource_group_name": "app-test-rg",
            "reverse_fqdn": null,
            "sku": "Basic",
            "sku_tier": "Regional",
            "tags": {
              "environment": "test"
            },
            "timeouts": null,
            "zones": []
          },
          "sensitive_attributes": [],
          "private": "eyJlMmJmYjczMC1lY2FhLTExZTYtOGY4OC0zNDM2M2JjN2M0YzAiOnsiY3JlYXRlIjoxODAwMDAwMDAwMDAwLCJkZWxldGUiOjE4MDAwMDAwMDAwMDAsInJlYWQiOjMwMDAwMDAwMDAwMCwidXBkYXRlIjoxODAwMDAwMDAwMDAwfX0=",
          "dependencies": [
            "azurerm_resource_group.test_rg"
          ]
        }
      ]
    },
    {
      "mode": "managed",
      "type": "azurerm_resource_group",
      "name": "test_rg",
      "provider": "provider[\"registry.terraform.io/hashicorp/azurerm\"]",
      "instances": [
        {
          "schema_version": 0,
          "attributes": {
            "id": "/subscriptions/46d88689-2150-4100-aa13-d503ed0078fd/resourceGroups/app-test-rg",
            "location": "centralindia",
            "managed_by": "",
            "name": "app-test-rg",
            "tags": {},
            "timeouts": null
          },
          "sensitive_attributes": [],
          "private": "eyJlMmJmYjczMC1lY2FhLTExZTYtOGY4OC0zNDM2M2JjN2M0YzAiOnsiY3JlYXRlIjo1NDAwMDAwMDAwMDAwLCJkZWxldGUiOjU0MDAwMDAwMDAwMDAsInJlYWQiOjMwMDAwMDAwMDAwMCwidXBkYXRlIjo1NDAwMDAwMDAwMDAwfX0="
        }
      ]
    },
    {
      "mode": "managed",
      "type": "azurerm_subnet",
      "name": "test_subnet",
      "provider": "provider[\"registry.terraform.io/hashicorp/azurerm\"]",
      "instances": [
        {
          "schema_version": 0,
          "attributes": {
            "address_prefixes": [
              "10.0.2.0/24"
            ],
            "delegation": [],
            "enforce_private_link_endpoint_network_policies": false,
            "enforce_private_link_service_network_policies": false,
            "id": "/subscriptions/46d88689-2150-4100-aa13-d503ed0078fd/resourceGroups/app-test-rg/providers/Microsoft.Network/virtualNetworks/app-test-vnet/subnets/app-test-subnet",
            "name": "app-test-subnet",
            "private_endpoint_network_policies_enabled": true,
            "private_link_service_network_policies_enabled": true,
            "resource_group_name": "app-test-rg",
            "service_endpoint_policy_ids": [],
            "service_endpoints": [],
            "timeouts": null,
            "virtual_network_name": "app-test-vnet"
          },
          "sensitive_attributes": [],
          "private": "eyJlMmJmYjczMC1lY2FhLTExZTYtOGY4OC0zNDM2M2JjN2M0YzAiOnsiY3JlYXRlIjoxODAwMDAwMDAwMDAwLCJkZWxldGUiOjE4MDAwMDAwMDAwMDAsInJlYWQiOjMwMDAwMDAwMDAwMCwidXBkYXRlIjoxODAwMDAwMDAwMDAwfX0=",
          "dependencies": [
            "azurerm_resource_group.test_rg",
            "azurerm_virtual_network.test_vnet"
          ]
        }
      ]
    },
    {
      "mode": "managed",
      "type": "azurerm_virtual_network",
      "name": "test_vnet",
      "provider": "provider[\"registry.terraform.io/hashicorp/azurerm\"]",
      "instances": [
        {
          "schema_version": 0,
          "attributes": {
            "address_space": [
              "10.0.0.0/16"
            ],
            "bgp_community": "",
            "ddos_protection_plan": [],
            "dns_servers": [],
            "edge_zone": "",
            "encryption": [],
            "flow_timeout_in_minutes": 0,
            "guid": "af3f5d55-423c-4f25-8e8b-6dfd1c9e622b",
            "id": "/subscriptions/46d88689-2150-4100-aa13-d503ed0078fd/resourceGroups/app-test-rg/providers/Microsoft.Network/virtualNetworks/app-test-vnet",
            "location": "centralindia",
            "name": "app-test-vnet",
            "resource_group_name": "app-test-rg",
            "subnet": [
              {
                "address_prefix": "10.0.2.0/24",
                "id": "/subscriptions/46d88689-2150-4100-aa13-d503ed0078fd/resourceGroups/app-test-rg/providers/Microsoft.Network/virtualNetworks/app-test-vnet/subnets/app-test-subnet",
                "name": "app-test-subnet",
                "security_group": ""
              }
            ],
            "tags": {},
            "timeouts": null
          },
          "sensitive_attributes": [],
          "private": "eyJlMmJmYjczMC1lY2FhLTExZTYtOGY4OC0zNDM2M2JjN2M0YzAiOnsiY3JlYXRlIjoxODAwMDAwMDAwMDAwLCJkZWxldGUiOjE4MDAwMDAwMDAwMDAsInJlYWQiOjMwMDAwMDAwMDAwMCwidXBkYXRlIjoxODAwMDAwMDAwMDAwfX0=",
          "dependencies": [
            "azurerm_resource_group.test_rg"
          ]
        }
      ]
    },
    {
      "mode": "managed",
      "type": "random_password",
      "name": "password",
      "provider": "provider[\"registry.terraform.io/hashicorp/random\"]",
      "instances": [
        {
          "schema_version": 3,
          "attributes": {
            "bcrypt_hash": "$2a$10$d/whAFQZSghtUQqbbrgawOMEp5AKLxBz00cxVlitoJIb7OQRIYUz6",
            "id": "none",
            "keepers": null,
            "length": 14,
            "lower": true,
            "min_lower": 0,
            "min_numeric": 0,
            "min_special": 0,
            "min_upper": 0,
            "number": true,
            "numeric": true,
            "override_special": "_%@",
            "result": "RF2C0hG37c2k7Y",
            "special": true,
            "upper": true
          },
          "sensitive_attributes": []
        }
      ]
    }
  ],
  "check_results": null
}
